<?xml version="1.0" encoding="utf-8"?>
<Project ToolsVersion="4.0" xmlns="http://schemas.microsoft.com/developer/msbuild/2003">
  <ItemGroup>
    <FxCompile Include="pbrPS.hlsl">
      <Filter>HLSL</Filter>
    </FxCompile>
    <FxCompile Include="pbrVS.hlsl">
      <Filter>HLSL</Filter>
    </FxCompile>
    <FxCompile Include="StandardDS.hlsl">
      <Filter>HLSL</Filter>
    </FxCompile>
    <FxCompile Include="StandardGS.hlsl">
      <Filter>HLSL</Filter>
    </FxCompile>
    <FxCompile Include="StandardHS.hlsl">
      <Filter>HLSL</Filter>
    </FxCompile>
    <FxCompile Include="StandardPS.hlsl">
      <Filter>HLSL</Filter>
    </FxCompile>
    <FxCompile Include="StandardSkinningCS.hlsl">
      <Filter>HLSL</Filter>
    </FxCompile>
    <FxCompile Include="StandardVS.hlsl">
      <Filter>HLSL</Filter>
    </FxCompile>
    <FxCompile Include="VRMUnlitTextureDS.hlsl">
      <Filter>HLSL</Filter>
    </FxCompile>
    <FxCompile Include="VRMUnlitTextureGS.hlsl">
      <Filter>HLSL</Filter>
    </FxCompile>
    <FxCompile Include="VRMUnlitTextureHS.hlsl">
      <Filter>HLSL</Filter>
    </FxCompile>
    <FxCompile Include="VRMUnlitTexturePS.hlsl">
      <Filter>HLSL</Filter>
    </FxCompile>
    <FxCompile Include="VRMUnlitTextureVS.hlsl">
      <Filter>HLSL</Filter>
    </FxCompile>
  </ItemGroup>
  <ItemGroup>
    <None Include="Common.hlsli">
      <Filter>HLSL</Filter>
    </None>
    <None Include="ShaderParameters.hlsli">
      <Filter>HLSL</Filter>
    </None>
    <None Include="Skinning.hlsli">
      <Filter>HLSL</Filter>
    </None>
    <None Include="Standard.hlsli">
      <Filter>HLSL</Filter>
    </None>
    <None Include="VRMUnlitTexture.hlsli">
      <Filter>HLSL</Filter>
    </None>
  </ItemGroup>
  <ItemGroup>
    <Filter Include="HLSL">
      <UniqueIdentifier>{2b21963c-7f0b-4e99-87c1-0b166f45e94d}</UniqueIdentifier>
    </Filter>
  </ItemGroup>
</Project>